
Microsoft Visual Studio Solution File, Format Version 12.00
# Visual Studio 15
VisualStudioVersion = 15.0.34526.175
MinimumVisualStudioVersion = 10.0.40219.1
Project("{FAE04EC0-301F-11D3-BF4B-00C04F79EFBC}") = "PayWeeksAndDates", "PayWeeksAndDates\PayWeeksAndDates.csproj", "{AB722AC2-DCE8-4F30-8419-383821DDE2C6}"
EndProject
Global
	GlobalSection(SolutionConfigurationPlatforms) = preSolution
		Debug|Any CPU = Debug|Any CPU
		Release|Any CPU = Release|Any CPU
	EndGlobalSection
	GlobalSection(ProjectConfigurationPlatforms) = postSolution
		{AB722AC2-DCE8-4F30-8419-383821DDE2C6}.Debug|Any CPU.ActiveCfg = Debug|Any CPU
		{AB722AC2-DCE8-4F30-8419-383821DDE2C6}.Debug|Any CPU.Build.0 = Debug|Any CPU
		{AB722AC2-DCE8-4F30-8419-383821DDE2C6}.Release|Any CPU.ActiveCfg = Release|Any CPU
		{AB722AC2-DCE8-4F30-8419-383821DDE2C6}.Release|Any CPU.Build.0 = Release|Any CPU
	EndGlobalSection
	GlobalSection(SolutionProperties) = preSolution
		HideSolutionNode = FALSE
	EndGlobalSection
	GlobalSection(ExtensibilityGlobals) = postSolution
		SolutionGuid = {E9676DC7-69CC-408E-ADC2-093C639819D2}
	EndGlobalSection
EndGlobal
